
Microsoft Visual Studio Solution File, Format Version 12.00
# Visual Studio Version 17
VisualStudioVersion = 17.1.32421.90
MinimumVisualStudioVersion = 10.0.40219.1
Project("{2150E333-8FDC-42A3-9474-1A3956D46DE8}") = "Src", "Src", "{D43DF04D-AEB6-4B06-9D00-346472D1DB76}"
EndProject
Project("{2150E333-8FDC-42A3-9474-1A3956D46DE8}") = "Docs", "Docs", "{0FCDC7EA-855B-43AC-A841-4DD53DEC9EEB}"
EndProject
Project("{2150E333-8FDC-42A3-9474-1A3956D46DE8}") = "deploy", "deploy", "{A19CF4E0-D451-48CA-BC18-96754E57AC2B}"
EndProject
Project("{2150E333-8FDC-42A3-9474-1A3956D46DE8}") = "Services", "Services", "{EB5405BE-CA82-44BA-93AE-510B457C82C6}"
EndProject
Project("{2150E333-8FDC-42A3-9474-1A3956D46DE8}") = "Tests", "Tests", "{1C2805FC-41EA-4E4B-90E3-8EE66F31561E}"
EndProject
Project("{2150E333-8FDC-42A3-9474-1A3956D46DE8}") = "ApiGateways", "ApiGateways", "{3D2A762B-1769-4451-BD7D-D24443E2EB07}"
EndProject
Project("{2150E333-8FDC-42A3-9474-1A3956D46DE8}") = "Order", "Order", "{69C36883-5F91-400E-9109-452392D9503E}"
EndProject
Project("{2150E333-8FDC-42A3-9474-1A3956D46DE8}") = "Market", "Market", "{A123C111-6448-4572-ABAD-1D4B4CE35007}"
EndProject
Project("{FAE04EC0-301F-11D3-BF4B-00C04F79EFBC}") = "Market.Domain", "Market.Domain\Market.Domain.csproj", "{A14BD711-B1A6-441C-AD6F-AECCFAD43061}"
EndProject
Project("{FAE04EC0-301F-11D3-BF4B-00C04F79EFBC}") = "Market.Domain.Core", "Market.Domain.Core\Market.Domain.Core.csproj", "{A3E2E806-32A9-4AC6-8AE6-4FC807DBB06F}"
EndProject
Project("{FAE04EC0-301F-11D3-BF4B-00C04F79EFBC}") = "Market.Application.Api", "Market.Application.Api\Market.Application.Api.csproj", "{29BE5A4A-151E-453B-A936-53C39ADD57D7}"
EndProject
Project("{2150E333-8FDC-42A3-9474-1A3956D46DE8}") = "K8s", "K8s", "{6946E2D6-D710-4016-A632-38F2A45467EE}"
EndProject
Project("{2150E333-8FDC-42A3-9474-1A3956D46DE8}") = "Docker", "Docker", "{EC1EC525-B7C1-4208-BE4A-183D0EFB84CF}"
EndProject
Project("{FAE04EC0-301F-11D3-BF4B-00C04F79EFBC}") = "Market.Application", "Market.Application\Market.Application.csproj", "{836EEA74-7224-4EFA-92B5-7A6100491248}"
EndProject
Project("{FAE04EC0-301F-11D3-BF4B-00C04F79EFBC}") = "Market.Infra.Data", "Market.Infra.Data\Market.Infra.Data.csproj", "{45851121-D3DE-4F0A-B0F7-A6EE76FB34C0}"
EndProject
Project("{FAE04EC0-301F-11D3-BF4B-00C04F79EFBC}") = "Market.Infra.Ioc", "Market.Infra.Ioc\Market.Infra.Ioc.csproj", "{FA152F17-60CB-4EBC-B5FB-2C402C627285}"
EndProject
Project("{FAE04EC0-301F-11D3-BF4B-00C04F79EFBC}") = "Market.Infra.Bus", "Market.Infra.Bus\Market.Infra.Bus.csproj", "{4BE3C40A-A944-4D94-B7A9-9B31EBFA8646}"
EndProject
Global
	GlobalSection(SolutionConfigurationPlatforms) = preSolution
		Debug|Any CPU = Debug|Any CPU
		Release|Any CPU = Release|Any CPU
	EndGlobalSection
	GlobalSection(ProjectConfigurationPlatforms) = postSolution
		{A14BD711-B1A6-441C-AD6F-AECCFAD43061}.Debug|Any CPU.ActiveCfg = Debug|Any CPU
		{A14BD711-B1A6-441C-AD6F-AECCFAD43061}.Debug|Any CPU.Build.0 = Debug|Any CPU
		{A14BD711-B1A6-441C-AD6F-AECCFAD43061}.Release|Any CPU.ActiveCfg = Release|Any CPU
		{A14BD711-B1A6-441C-AD6F-AECCFAD43061}.Release|Any CPU.Build.0 = Release|Any CPU
		{A3E2E806-32A9-4AC6-8AE6-4FC807DBB06F}.Debug|Any CPU.ActiveCfg = Debug|Any CPU
		{A3E2E806-32A9-4AC6-8AE6-4FC807DBB06F}.Debug|Any CPU.Build.0 = Debug|Any CPU
		{A3E2E806-32A9-4AC6-8AE6-4FC807DBB06F}.Release|Any CPU.ActiveCfg = Release|Any CPU
		{A3E2E806-32A9-4AC6-8AE6-4FC807DBB06F}.Release|Any CPU.Build.0 = Release|Any CPU
		{29BE5A4A-151E-453B-A936-53C39ADD57D7}.Debug|Any CPU.ActiveCfg = Debug|Any CPU
		{29BE5A4A-151E-453B-A936-53C39ADD57D7}.Debug|Any CPU.Build.0 = Debug|Any CPU
		{29BE5A4A-151E-453B-A936-53C39ADD57D7}.Release|Any CPU.ActiveCfg = Release|Any CPU
		{29BE5A4A-151E-453B-A936-53C39ADD57D7}.Release|Any CPU.Build.0 = Release|Any CPU
		{836EEA74-7224-4EFA-92B5-7A6100491248}.Debug|Any CPU.ActiveCfg = Debug|Any CPU
		{836EEA74-7224-4EFA-92B5-7A6100491248}.Debug|Any CPU.Build.0 = Debug|Any CPU
		{836EEA74-7224-4EFA-92B5-7A6100491248}.Release|Any CPU.ActiveCfg = Release|Any CPU
		{836EEA74-7224-4EFA-92B5-7A6100491248}.Release|Any CPU.Build.0 = Release|Any CPU
		{45851121-D3DE-4F0A-B0F7-A6EE76FB34C0}.Debug|Any CPU.ActiveCfg = Debug|Any CPU
		{45851121-D3DE-4F0A-B0F7-A6EE76FB34C0}.Debug|Any CPU.Build.0 = Debug|Any CPU
		{45851121-D3DE-4F0A-B0F7-A6EE76FB34C0}.Release|Any CPU.ActiveCfg = Release|Any CPU
		{45851121-D3DE-4F0A-B0F7-A6EE76FB34C0}.Release|Any CPU.Build.0 = Release|Any CPU
		{FA152F17-60CB-4EBC-B5FB-2C402C627285}.Debug|Any CPU.ActiveCfg = Debug|Any CPU
		{FA152F17-60CB-4EBC-B5FB-2C402C627285}.Debug|Any CPU.Build.0 = Debug|Any CPU
		{FA152F17-60CB-4EBC-B5FB-2C402C627285}.Release|Any CPU.ActiveCfg = Release|Any CPU
		{FA152F17-60CB-4EBC-B5FB-2C402C627285}.Release|Any CPU.Build.0 = Release|Any CPU
		{4BE3C40A-A944-4D94-B7A9-9B31EBFA8646}.Debug|Any CPU.ActiveCfg = Debug|Any CPU
		{4BE3C40A-A944-4D94-B7A9-9B31EBFA8646}.Debug|Any CPU.Build.0 = Debug|Any CPU
		{4BE3C40A-A944-4D94-B7A9-9B31EBFA8646}.Release|Any CPU.ActiveCfg = Release|Any CPU
		{4BE3C40A-A944-4D94-B7A9-9B31EBFA8646}.Release|Any CPU.Build.0 = Release|Any CPU
	EndGlobalSection
	GlobalSection(SolutionProperties) = preSolution
		HideSolutionNode = FALSE
	EndGlobalSection
	GlobalSection(NestedProjects) = preSolution
		{EB5405BE-CA82-44BA-93AE-510B457C82C6} = {D43DF04D-AEB6-4B06-9D00-346472D1DB76}
		{1C2805FC-41EA-4E4B-90E3-8EE66F31561E} = {D43DF04D-AEB6-4B06-9D00-346472D1DB76}
		{3D2A762B-1769-4451-BD7D-D24443E2EB07} = {D43DF04D-AEB6-4B06-9D00-346472D1DB76}
		{69C36883-5F91-400E-9109-452392D9503E} = {EB5405BE-CA82-44BA-93AE-510B457C82C6}
		{A123C111-6448-4572-ABAD-1D4B4CE35007} = {EB5405BE-CA82-44BA-93AE-510B457C82C6}
		{A14BD711-B1A6-441C-AD6F-AECCFAD43061} = {A123C111-6448-4572-ABAD-1D4B4CE35007}
		{A3E2E806-32A9-4AC6-8AE6-4FC807DBB06F} = {A123C111-6448-4572-ABAD-1D4B4CE35007}
		{29BE5A4A-151E-453B-A936-53C39ADD57D7} = {A123C111-6448-4572-ABAD-1D4B4CE35007}
		{6946E2D6-D710-4016-A632-38F2A45467EE} = {A19CF4E0-D451-48CA-BC18-96754E57AC2B}
		{EC1EC525-B7C1-4208-BE4A-183D0EFB84CF} = {A19CF4E0-D451-48CA-BC18-96754E57AC2B}
		{836EEA74-7224-4EFA-92B5-7A6100491248} = {A123C111-6448-4572-ABAD-1D4B4CE35007}
		{45851121-D3DE-4F0A-B0F7-A6EE76FB34C0} = {A123C111-6448-4572-ABAD-1D4B4CE35007}
		{FA152F17-60CB-4EBC-B5FB-2C402C627285} = {A123C111-6448-4572-ABAD-1D4B4CE35007}
		{4BE3C40A-A944-4D94-B7A9-9B31EBFA8646} = {A123C111-6448-4572-ABAD-1D4B4CE35007}
	EndGlobalSection
	GlobalSection(ExtensibilityGlobals) = postSolution
		SolutionGuid = {F1615320-49E1-4D9B-BD11-578B4081F3A1}
	EndGlobalSection
EndGlobal
