
Microsoft Visual Studio Solution File, Format Version 12.00
# Visual Studio Version 17
VisualStudioVersion = 17.1.32421.90
MinimumVisualStudioVersion = 10.0.40219.1
Project("{2150E333-8FDC-42A3-9474-1A3956D46DE8}") = "Src", "Src", "{D43DF04D-AEB6-4B06-9D00-346472D1DB76}"
EndProject
Project("{2150E333-8FDC-42A3-9474-1A3956D46DE8}") = "Docs", "Docs", "{0FCDC7EA-855B-43AC-A841-4DD53DEC9EEB}"
EndProject
Project("{2150E333-8FDC-42A3-9474-1A3956D46DE8}") = "deploy", "deploy", "{A19CF4E0-D451-48CA-BC18-96754E57AC2B}"
EndProject
Project("{2150E333-8FDC-42A3-9474-1A3956D46DE8}") = "Services", "Services", "{EB5405BE-CA82-44BA-93AE-510B457C82C6}"
EndProject
Project("{2150E333-8FDC-42A3-9474-1A3956D46DE8}") = "ApiGateways", "ApiGateways", "{3D2A762B-1769-4451-BD7D-D24443E2EB07}"
EndProject
Project("{2150E333-8FDC-42A3-9474-1A3956D46DE8}") = "Order", "Order", "{69C36883-5F91-400E-9109-452392D9503E}"
EndProject
Project("{2150E333-8FDC-42A3-9474-1A3956D46DE8}") = "Market", "Market", "{A123C111-6448-4572-ABAD-1D4B4CE35007}"
EndProject
Project("{2150E333-8FDC-42A3-9474-1A3956D46DE8}") = "K8s", "K8s", "{6946E2D6-D710-4016-A632-38F2A45467EE}"
EndProject
Project("{2150E333-8FDC-42A3-9474-1A3956D46DE8}") = "Docker", "Docker", "{EC1EC525-B7C1-4208-BE4A-183D0EFB84CF}"
EndProject
Project("{9A19103F-16F7-4668-BE54-9A1E7A4F7556}") = "ApiGateway", "ApiGateway\ApiGateway.csproj", "{A9A32DF9-4B2A-4363-A69B-44E1BEF82DEC}"
EndProject
Project("{2150E333-8FDC-42A3-9474-1A3956D46DE8}") = "Identity", "Identity", "{533387C7-4965-4EEB-A7AE-DAD2A583C47C}"
EndProject
Project("{9A19103F-16F7-4668-BE54-9A1E7A4F7556}") = "Order.Domain.Core", "Services\Order\Order.Domain.Core\Order.Domain.Core.csproj", "{97CC34A2-9818-4ED1-AA05-E71A94B03109}"
EndProject
Project("{9A19103F-16F7-4668-BE54-9A1E7A4F7556}") = "Order.Domain", "Services\Order\Order.Domain\Order.Domain.csproj", "{6B8D5033-F062-420A-9CF9-C3DAD949239A}"
EndProject
Project("{2150E333-8FDC-42A3-9474-1A3956D46DE8}") = "BuildingBlocks", "BuildingBlocks", "{F8B659D2-58F1-4014-8711-E21B2F4A96D8}"
EndProject
Project("{9A19103F-16F7-4668-BE54-9A1E7A4F7556}") = "Order.Infra", "Services\Order\Order.Infra\Order.Infra.csproj", "{A08A786C-FC50-46EA-A817-497146031420}"
EndProject
Project("{9A19103F-16F7-4668-BE54-9A1E7A4F7556}") = "CatchingRedis", "BuildingBlocks\CatchingRedis\CatchingRedis.csproj", "{4E997BDC-76E0-4B55-9EDD-172DFDB87248}"
EndProject
Project("{9A19103F-16F7-4668-BE54-9A1E7A4F7556}") = "EventBus.Messages", "BuildingBlocks\EventBus.Messages\EventBus.Messages.csproj", "{C00C7467-3EC6-4714-A625-8CC5997AA0F4}"
EndProject
Project("{9A19103F-16F7-4668-BE54-9A1E7A4F7556}") = "Application.Common", "BuildingBlocks\Application.Common\Application.Common.csproj", "{1C35ACF4-32B8-463A-8B1B-9CF824AFD8B4}"
EndProject
Project("{9A19103F-16F7-4668-BE54-9A1E7A4F7556}") = "Identity.Api", "Services\Identity\Identity.Api\Identity.Api.csproj", "{F15FA9BA-E166-4E94-9A20-30D6642D994D}"
EndProject
Project("{9A19103F-16F7-4668-BE54-9A1E7A4F7556}") = "Identity.Infra", "Services\Identity\Identity.Infra\Identity.Infra.csproj", "{ADDDA635-1F21-4B06-B3CD-C26154BC0FB3}"
EndProject
Project("{9A19103F-16F7-4668-BE54-9A1E7A4F7556}") = "Identity.Domain", "Services\Identity\Identity.Domain\Identity.Domain.csproj", "{F0D8E070-DB4D-42FE-93F0-B34E031C34A2}"
EndProject
Project("{9A19103F-16F7-4668-BE54-9A1E7A4F7556}") = "Market.Domain.CouponService", "Services\Market\Market.Domains\Market.Domain.CouponService\Market.Domain.CouponService.csproj", "{B73EB88B-57A3-43BE-BB03-7C26DDFAF96D}"
EndProject
Project("{9A19103F-16F7-4668-BE54-9A1E7A4F7556}") = "Market.Domain.CategoryService", "Services\Market\Market.Domains\Market.Domain.CategoryService\Market.Domain.CategoryService.csproj", "{260E4C96-F84A-4B7C-BAFF-803B6B27EEFF}"
EndProject
Project("{9A19103F-16F7-4668-BE54-9A1E7A4F7556}") = "Market.Application", "Services\Market\Market.Application\Market.Application.csproj", "{BF5D739C-CB14-48C1-9BAD-4204A61E448D}"
EndProject
Project("{9A19103F-16F7-4668-BE54-9A1E7A4F7556}") = "Market.Domain.ProductService", "Services\Market\Market.Domains\Market.Domain.ProductService\Market.Domain.ProductService.csproj", "{116C8991-5CB9-45DF-8B3B-6C04A47C86A3}"
EndProject
Project("{9A19103F-16F7-4668-BE54-9A1E7A4F7556}") = "Market.Infra", "Services\Market\Market.Infra\Market.Infra.csproj", "{8B393533-D80A-47F9-8B6D-02365BCF7097}"
EndProject
Project("{9A19103F-16F7-4668-BE54-9A1E7A4F7556}") = "Application.FileApi", "BuildingBlocks\Application.FileApi\Application.FileApi.csproj", "{B3A9A34F-8DA8-4A15-A29B-C5C3E426C1EC}"
EndProject
Project("{2150E333-8FDC-42A3-9474-1A3956D46DE8}") = "Message", "Message", "{F6FE4F7C-C89F-49B1-9CBB-197C2E5436F6}"
EndProject
Project("{9A19103F-16F7-4668-BE54-9A1E7A4F7556}") = "Message", "Services\Message\Message.csproj", "{34EB1DC9-0DE4-46E9-B841-20F98D5B8713}"
EndProject
Project("{2150E333-8FDC-42A3-9474-1A3956D46DE8}") = "Notification", "Notification", "{50FC6B15-BE2B-4C22-BDB9-91CA0AD614E2}"
EndProject
Project("{9A19103F-16F7-4668-BE54-9A1E7A4F7556}") = "Notification", "Services\Notification\Notification.csproj", "{E5EEB2E7-8081-4246-96BB-7A9F1392AFED}"
EndProject
Global
	GlobalSection(SolutionConfigurationPlatforms) = preSolution
		Debug|Any CPU = Debug|Any CPU
		Release|Any CPU = Release|Any CPU
	EndGlobalSection
	GlobalSection(ProjectConfigurationPlatforms) = postSolution
		{A9A32DF9-4B2A-4363-A69B-44E1BEF82DEC}.Debug|Any CPU.ActiveCfg = Debug|Any CPU
		{A9A32DF9-4B2A-4363-A69B-44E1BEF82DEC}.Debug|Any CPU.Build.0 = Debug|Any CPU
		{A9A32DF9-4B2A-4363-A69B-44E1BEF82DEC}.Release|Any CPU.ActiveCfg = Release|Any CPU
		{A9A32DF9-4B2A-4363-A69B-44E1BEF82DEC}.Release|Any CPU.Build.0 = Release|Any CPU
		{97CC34A2-9818-4ED1-AA05-E71A94B03109}.Debug|Any CPU.ActiveCfg = Debug|Any CPU
		{97CC34A2-9818-4ED1-AA05-E71A94B03109}.Debug|Any CPU.Build.0 = Debug|Any CPU
		{97CC34A2-9818-4ED1-AA05-E71A94B03109}.Release|Any CPU.ActiveCfg = Release|Any CPU
		{97CC34A2-9818-4ED1-AA05-E71A94B03109}.Release|Any CPU.Build.0 = Release|Any CPU
		{6B8D5033-F062-420A-9CF9-C3DAD949239A}.Debug|Any CPU.ActiveCfg = Debug|Any CPU
		{6B8D5033-F062-420A-9CF9-C3DAD949239A}.Debug|Any CPU.Build.0 = Debug|Any CPU
		{6B8D5033-F062-420A-9CF9-C3DAD949239A}.Release|Any CPU.ActiveCfg = Release|Any CPU
		{6B8D5033-F062-420A-9CF9-C3DAD949239A}.Release|Any CPU.Build.0 = Release|Any CPU
		{A08A786C-FC50-46EA-A817-497146031420}.Debug|Any CPU.ActiveCfg = Debug|Any CPU
		{A08A786C-FC50-46EA-A817-497146031420}.Debug|Any CPU.Build.0 = Debug|Any CPU
		{A08A786C-FC50-46EA-A817-497146031420}.Release|Any CPU.ActiveCfg = Release|Any CPU
		{A08A786C-FC50-46EA-A817-497146031420}.Release|Any CPU.Build.0 = Release|Any CPU
		{4E997BDC-76E0-4B55-9EDD-172DFDB87248}.Debug|Any CPU.ActiveCfg = Debug|Any CPU
		{4E997BDC-76E0-4B55-9EDD-172DFDB87248}.Debug|Any CPU.Build.0 = Debug|Any CPU
		{4E997BDC-76E0-4B55-9EDD-172DFDB87248}.Release|Any CPU.ActiveCfg = Release|Any CPU
		{4E997BDC-76E0-4B55-9EDD-172DFDB87248}.Release|Any CPU.Build.0 = Release|Any CPU
		{C00C7467-3EC6-4714-A625-8CC5997AA0F4}.Debug|Any CPU.ActiveCfg = Debug|Any CPU
		{C00C7467-3EC6-4714-A625-8CC5997AA0F4}.Debug|Any CPU.Build.0 = Debug|Any CPU
		{C00C7467-3EC6-4714-A625-8CC5997AA0F4}.Release|Any CPU.ActiveCfg = Release|Any CPU
		{C00C7467-3EC6-4714-A625-8CC5997AA0F4}.Release|Any CPU.Build.0 = Release|Any CPU
		{1C35ACF4-32B8-463A-8B1B-9CF824AFD8B4}.Debug|Any CPU.ActiveCfg = Debug|Any CPU
		{1C35ACF4-32B8-463A-8B1B-9CF824AFD8B4}.Debug|Any CPU.Build.0 = Debug|Any CPU
		{1C35ACF4-32B8-463A-8B1B-9CF824AFD8B4}.Release|Any CPU.ActiveCfg = Release|Any CPU
		{1C35ACF4-32B8-463A-8B1B-9CF824AFD8B4}.Release|Any CPU.Build.0 = Release|Any CPU
		{F15FA9BA-E166-4E94-9A20-30D6642D994D}.Debug|Any CPU.ActiveCfg = Debug|Any CPU
		{F15FA9BA-E166-4E94-9A20-30D6642D994D}.Debug|Any CPU.Build.0 = Debug|Any CPU
		{F15FA9BA-E166-4E94-9A20-30D6642D994D}.Release|Any CPU.ActiveCfg = Release|Any CPU
		{F15FA9BA-E166-4E94-9A20-30D6642D994D}.Release|Any CPU.Build.0 = Release|Any CPU
		{ADDDA635-1F21-4B06-B3CD-C26154BC0FB3}.Debug|Any CPU.ActiveCfg = Debug|Any CPU
		{ADDDA635-1F21-4B06-B3CD-C26154BC0FB3}.Debug|Any CPU.Build.0 = Debug|Any CPU
		{ADDDA635-1F21-4B06-B3CD-C26154BC0FB3}.Release|Any CPU.ActiveCfg = Release|Any CPU
		{ADDDA635-1F21-4B06-B3CD-C26154BC0FB3}.Release|Any CPU.Build.0 = Release|Any CPU
		{F0D8E070-DB4D-42FE-93F0-B34E031C34A2}.Debug|Any CPU.ActiveCfg = Debug|Any CPU
		{F0D8E070-DB4D-42FE-93F0-B34E031C34A2}.Debug|Any CPU.Build.0 = Debug|Any CPU
		{F0D8E070-DB4D-42FE-93F0-B34E031C34A2}.Release|Any CPU.ActiveCfg = Release|Any CPU
		{F0D8E070-DB4D-42FE-93F0-B34E031C34A2}.Release|Any CPU.Build.0 = Release|Any CPU
		{B73EB88B-57A3-43BE-BB03-7C26DDFAF96D}.Debug|Any CPU.ActiveCfg = Debug|Any CPU
		{B73EB88B-57A3-43BE-BB03-7C26DDFAF96D}.Debug|Any CPU.Build.0 = Debug|Any CPU
		{B73EB88B-57A3-43BE-BB03-7C26DDFAF96D}.Release|Any CPU.ActiveCfg = Release|Any CPU
		{B73EB88B-57A3-43BE-BB03-7C26DDFAF96D}.Release|Any CPU.Build.0 = Release|Any CPU
		{260E4C96-F84A-4B7C-BAFF-803B6B27EEFF}.Debug|Any CPU.ActiveCfg = Debug|Any CPU
		{260E4C96-F84A-4B7C-BAFF-803B6B27EEFF}.Debug|Any CPU.Build.0 = Debug|Any CPU
		{260E4C96-F84A-4B7C-BAFF-803B6B27EEFF}.Release|Any CPU.ActiveCfg = Release|Any CPU
		{260E4C96-F84A-4B7C-BAFF-803B6B27EEFF}.Release|Any CPU.Build.0 = Release|Any CPU
		{BF5D739C-CB14-48C1-9BAD-4204A61E448D}.Debug|Any CPU.ActiveCfg = Debug|Any CPU
		{BF5D739C-CB14-48C1-9BAD-4204A61E448D}.Debug|Any CPU.Build.0 = Debug|Any CPU
		{BF5D739C-CB14-48C1-9BAD-4204A61E448D}.Release|Any CPU.ActiveCfg = Release|Any CPU
		{BF5D739C-CB14-48C1-9BAD-4204A61E448D}.Release|Any CPU.Build.0 = Release|Any CPU
		{116C8991-5CB9-45DF-8B3B-6C04A47C86A3}.Debug|Any CPU.ActiveCfg = Debug|Any CPU
		{116C8991-5CB9-45DF-8B3B-6C04A47C86A3}.Debug|Any CPU.Build.0 = Debug|Any CPU
		{116C8991-5CB9-45DF-8B3B-6C04A47C86A3}.Release|Any CPU.ActiveCfg = Release|Any CPU
		{116C8991-5CB9-45DF-8B3B-6C04A47C86A3}.Release|Any CPU.Build.0 = Release|Any CPU
		{8B393533-D80A-47F9-8B6D-02365BCF7097}.Debug|Any CPU.ActiveCfg = Debug|Any CPU
		{8B393533-D80A-47F9-8B6D-02365BCF7097}.Debug|Any CPU.Build.0 = Debug|Any CPU
		{8B393533-D80A-47F9-8B6D-02365BCF7097}.Release|Any CPU.ActiveCfg = Release|Any CPU
		{8B393533-D80A-47F9-8B6D-02365BCF7097}.Release|Any CPU.Build.0 = Release|Any CPU
		{B3A9A34F-8DA8-4A15-A29B-C5C3E426C1EC}.Debug|Any CPU.ActiveCfg = Debug|Any CPU
		{B3A9A34F-8DA8-4A15-A29B-C5C3E426C1EC}.Debug|Any CPU.Build.0 = Debug|Any CPU
		{B3A9A34F-8DA8-4A15-A29B-C5C3E426C1EC}.Release|Any CPU.ActiveCfg = Release|Any CPU
		{B3A9A34F-8DA8-4A15-A29B-C5C3E426C1EC}.Release|Any CPU.Build.0 = Release|Any CPU
		{34EB1DC9-0DE4-46E9-B841-20F98D5B8713}.Debug|Any CPU.ActiveCfg = Debug|Any CPU
		{34EB1DC9-0DE4-46E9-B841-20F98D5B8713}.Debug|Any CPU.Build.0 = Debug|Any CPU
		{34EB1DC9-0DE4-46E9-B841-20F98D5B8713}.Release|Any CPU.ActiveCfg = Release|Any CPU
		{34EB1DC9-0DE4-46E9-B841-20F98D5B8713}.Release|Any CPU.Build.0 = Release|Any CPU
		{E5EEB2E7-8081-4246-96BB-7A9F1392AFED}.Debug|Any CPU.ActiveCfg = Debug|Any CPU
		{E5EEB2E7-8081-4246-96BB-7A9F1392AFED}.Debug|Any CPU.Build.0 = Debug|Any CPU
		{E5EEB2E7-8081-4246-96BB-7A9F1392AFED}.Release|Any CPU.ActiveCfg = Release|Any CPU
		{E5EEB2E7-8081-4246-96BB-7A9F1392AFED}.Release|Any CPU.Build.0 = Release|Any CPU
	EndGlobalSection
	GlobalSection(SolutionProperties) = preSolution
		HideSolutionNode = FALSE
	EndGlobalSection
	GlobalSection(NestedProjects) = preSolution
		{EB5405BE-CA82-44BA-93AE-510B457C82C6} = {D43DF04D-AEB6-4B06-9D00-346472D1DB76}
		{3D2A762B-1769-4451-BD7D-D24443E2EB07} = {D43DF04D-AEB6-4B06-9D00-346472D1DB76}
		{69C36883-5F91-400E-9109-452392D9503E} = {EB5405BE-CA82-44BA-93AE-510B457C82C6}
		{A123C111-6448-4572-ABAD-1D4B4CE35007} = {EB5405BE-CA82-44BA-93AE-510B457C82C6}
		{6946E2D6-D710-4016-A632-38F2A45467EE} = {A19CF4E0-D451-48CA-BC18-96754E57AC2B}
		{EC1EC525-B7C1-4208-BE4A-183D0EFB84CF} = {A19CF4E0-D451-48CA-BC18-96754E57AC2B}
		{A9A32DF9-4B2A-4363-A69B-44E1BEF82DEC} = {3D2A762B-1769-4451-BD7D-D24443E2EB07}
		{533387C7-4965-4EEB-A7AE-DAD2A583C47C} = {EB5405BE-CA82-44BA-93AE-510B457C82C6}
		{97CC34A2-9818-4ED1-AA05-E71A94B03109} = {69C36883-5F91-400E-9109-452392D9503E}
		{6B8D5033-F062-420A-9CF9-C3DAD949239A} = {69C36883-5F91-400E-9109-452392D9503E}
		{F8B659D2-58F1-4014-8711-E21B2F4A96D8} = {D43DF04D-AEB6-4B06-9D00-346472D1DB76}
		{A08A786C-FC50-46EA-A817-497146031420} = {69C36883-5F91-400E-9109-452392D9503E}
		{4E997BDC-76E0-4B55-9EDD-172DFDB87248} = {F8B659D2-58F1-4014-8711-E21B2F4A96D8}
		{C00C7467-3EC6-4714-A625-8CC5997AA0F4} = {F8B659D2-58F1-4014-8711-E21B2F4A96D8}
		{1C35ACF4-32B8-463A-8B1B-9CF824AFD8B4} = {F8B659D2-58F1-4014-8711-E21B2F4A96D8}
		{F15FA9BA-E166-4E94-9A20-30D6642D994D} = {533387C7-4965-4EEB-A7AE-DAD2A583C47C}
		{ADDDA635-1F21-4B06-B3CD-C26154BC0FB3} = {533387C7-4965-4EEB-A7AE-DAD2A583C47C}
		{F0D8E070-DB4D-42FE-93F0-B34E031C34A2} = {533387C7-4965-4EEB-A7AE-DAD2A583C47C}
		{B73EB88B-57A3-43BE-BB03-7C26DDFAF96D} = {A123C111-6448-4572-ABAD-1D4B4CE35007}
		{260E4C96-F84A-4B7C-BAFF-803B6B27EEFF} = {A123C111-6448-4572-ABAD-1D4B4CE35007}
		{BF5D739C-CB14-48C1-9BAD-4204A61E448D} = {A123C111-6448-4572-ABAD-1D4B4CE35007}
		{116C8991-5CB9-45DF-8B3B-6C04A47C86A3} = {A123C111-6448-4572-ABAD-1D4B4CE35007}
		{8B393533-D80A-47F9-8B6D-02365BCF7097} = {A123C111-6448-4572-ABAD-1D4B4CE35007}
		{B3A9A34F-8DA8-4A15-A29B-C5C3E426C1EC} = {F8B659D2-58F1-4014-8711-E21B2F4A96D8}
		{F6FE4F7C-C89F-49B1-9CBB-197C2E5436F6} = {EB5405BE-CA82-44BA-93AE-510B457C82C6}
		{34EB1DC9-0DE4-46E9-B841-20F98D5B8713} = {F6FE4F7C-C89F-49B1-9CBB-197C2E5436F6}
		{50FC6B15-BE2B-4C22-BDB9-91CA0AD614E2} = {EB5405BE-CA82-44BA-93AE-510B457C82C6}
		{E5EEB2E7-8081-4246-96BB-7A9F1392AFED} = {50FC6B15-BE2B-4C22-BDB9-91CA0AD614E2}
	EndGlobalSection
	GlobalSection(ExtensibilityGlobals) = postSolution
		SolutionGuid = {F1615320-49E1-4D9B-BD11-578B4081F3A1}
	EndGlobalSection
EndGlobal
